
Microsoft Visual Studio Solution File, Format Version 12.00
# Visual Studio Version 17
VisualStudioVersion = 17.14.36203.30
MinimumVisualStudioVersion = 10.0.40219.1
Project("{2150E333-8FDC-42A3-9474-1A3956D46DE8}") = "Services", "Services", "{02EA681E-C7D8-13C7-8484-4AC65E1B71E8}"
EndProject
Project("{2150E333-8FDC-42A3-9474-1A3956D46DE8}") = "Catalog", "Catalog", "{DAAD6433-46D1-45FD-8AEE-DB07291BF1D2}"
EndProject
Project("{FAE04EC0-301F-11D3-BF4B-00C04F79EFBC}") = "MultiShop.Catalog", "Services\Catalog\MultiShop.Catalog\MultiShop.Catalog.csproj", "{E9C85C67-BF82-4851-B66D-8BA5805E1B3F}"
EndProject
Project("{2150E333-8FDC-42A3-9474-1A3956D46DE8}") = "Discount", "Discount", "{1B1FBE6A-235D-438F-B7BE-BE0B12A9AA68}"
EndProject
Project("{FAE04EC0-301F-11D3-BF4B-00C04F79EFBC}") = "MultiShop.Discount", "Services\Discount\MultiShop.Discount\MultiShop.Discount.csproj", "{6843CB57-37E5-4979-BCD1-BF611AF53E74}"
EndProject
Project("{2150E333-8FDC-42A3-9474-1A3956D46DE8}") = "Order", "Order", "{CC3AE338-5729-4BA0-B1D5-A8AE75E192CE}"
EndProject
Project("{2150E333-8FDC-42A3-9474-1A3956D46DE8}") = "Core", "Core", "{07F9D918-8A35-42BA-A59A-CEB6C4CD37FE}"
EndProject
Project("{2150E333-8FDC-42A3-9474-1A3956D46DE8}") = "Infrastructure", "Infrastructure", "{9B8855B8-0AAB-4092-A9E7-2B792BCBFDA7}"
EndProject
Project("{2150E333-8FDC-42A3-9474-1A3956D46DE8}") = "Presentation", "Presentation", "{54659CC3-4789-4B6E-A40A-43DD34ABA746}"
EndProject
Project("{FAE04EC0-301F-11D3-BF4B-00C04F79EFBC}") = "MultiShop.Order.Domain", "Services\Order\Core\MultiShop.Order.Domain\MultiShop.Order.Domain.csproj", "{7EC6A820-DE88-4CE0-A968-55A0EBEBDF47}"
EndProject
Project("{FAE04EC0-301F-11D3-BF4B-00C04F79EFBC}") = "MultiShop.Order.Application", "Services\Order\Core\MultiShop.Order.Application\MultiShop.Order.Application.csproj", "{80AA5EEE-F191-463C-8D51-A7EF2127E5E1}"
EndProject
Project("{FAE04EC0-301F-11D3-BF4B-00C04F79EFBC}") = "MultiShop.Order.Persistance", "Services\Order\Infrastructure\MultiShop.Order.Persistance\MultiShop.Order.Persistance.csproj", "{161BEFA1-6473-456D-9A94-507317727441}"
EndProject
Project("{FAE04EC0-301F-11D3-BF4B-00C04F79EFBC}") = "MultiShop.Order.WebApi", "Services\Order\Presentation\MultiShop.Order.WebApi\MultiShop.Order.WebApi.csproj", "{EC1CC08A-EB92-4C94-A42A-170EAC3A31C3}"
EndProject
Project("{2150E333-8FDC-42A3-9474-1A3956D46DE8}") = "IdentityServer", "IdentityServer", "{062C4BE1-E9AE-4821-AC4A-3DC8AB113D0C}"
EndProject
Project("{FAE04EC0-301F-11D3-BF4B-00C04F79EFBC}") = "MultiShop.IdentityServer", "IdentityServer\MultiShop.IdentityServer\MultiShop.IdentityServer.csproj", "{EA14094F-FB55-5ABC-1402-B4229C4AD0B1}"
EndProject
Project("{2150E333-8FDC-42A3-9474-1A3956D46DE8}") = "Not", "Not", "{A454D470-5163-4631-B4E7-9DAC389D04C7}"
	ProjectSection(SolutionItems) = preProject
		PortNumaralaro.txt = PortNumaralaro.txt
	EndProjectSection
EndProject
Project("{2150E333-8FDC-42A3-9474-1A3956D46DE8}") = "Cargo", "Cargo", "{B556F956-F40E-4CA2-A322-92732CD5DA9D}"
EndProject
Project("{FAE04EC0-301F-11D3-BF4B-00C04F79EFBC}") = "MultiShop.Cargo.EntityLayer", "Services\Cargo\MultiShop.Cargo.EntityLayer\MultiShop.Cargo.EntityLayer.csproj", "{516C26E8-464D-4C1D-B4ED-1484B6A742BF}"
EndProject
Project("{FAE04EC0-301F-11D3-BF4B-00C04F79EFBC}") = "MultiShop.Cargo.BusinessLayer", "Services\Cargo\MultiShop.Cargo.BusinessLayer\MultiShop.Cargo.BusinessLayer.csproj", "{0C4AF1D9-D547-4092-82DF-7E0E63DE74BE}"
EndProject
Project("{FAE04EC0-301F-11D3-BF4B-00C04F79EFBC}") = "MultiShop.Cargo.DataAccessLayer", "Services\Cargo\MultiShop.Cargo.DataAccessLayer\MultiShop.Cargo.DataAccessLayer.csproj", "{65DCC7CC-22A4-45A3-9A85-0810575B03E9}"
EndProject
Project("{FAE04EC0-301F-11D3-BF4B-00C04F79EFBC}") = "MultiShop.Cargo.DtoLayer", "Services\Cargo\MultiShop.Cargo.DtoLayer\MultiShop.Cargo.DtoLayer.csproj", "{ACE96D41-4E8C-44A8-A225-C89D149D9452}"
EndProject
Project("{FAE04EC0-301F-11D3-BF4B-00C04F79EFBC}") = "MultiShop.Cargo.WebApi", "Services\Cargo\MultiShop.Cargo.WebApi\MultiShop.Cargo.WebApi.csproj", "{E2B4C72E-EA56-452E-B1A6-9244F337DF77}"
EndProject
Global
	GlobalSection(SolutionConfigurationPlatforms) = preSolution
		Debug|Any CPU = Debug|Any CPU
		Release|Any CPU = Release|Any CPU
	EndGlobalSection
	GlobalSection(ProjectConfigurationPlatforms) = postSolution
		{E9C85C67-BF82-4851-B66D-8BA5805E1B3F}.Debug|Any CPU.ActiveCfg = Debug|Any CPU
		{E9C85C67-BF82-4851-B66D-8BA5805E1B3F}.Debug|Any CPU.Build.0 = Debug|Any CPU
		{E9C85C67-BF82-4851-B66D-8BA5805E1B3F}.Release|Any CPU.ActiveCfg = Release|Any CPU
		{E9C85C67-BF82-4851-B66D-8BA5805E1B3F}.Release|Any CPU.Build.0 = Release|Any CPU
		{6843CB57-37E5-4979-BCD1-BF611AF53E74}.Debug|Any CPU.ActiveCfg = Debug|Any CPU
		{6843CB57-37E5-4979-BCD1-BF611AF53E74}.Debug|Any CPU.Build.0 = Debug|Any CPU
		{6843CB57-37E5-4979-BCD1-BF611AF53E74}.Release|Any CPU.ActiveCfg = Release|Any CPU
		{6843CB57-37E5-4979-BCD1-BF611AF53E74}.Release|Any CPU.Build.0 = Release|Any CPU
		{7EC6A820-DE88-4CE0-A968-55A0EBEBDF47}.Debug|Any CPU.ActiveCfg = Debug|Any CPU
		{7EC6A820-DE88-4CE0-A968-55A0EBEBDF47}.Debug|Any CPU.Build.0 = Debug|Any CPU
		{7EC6A820-DE88-4CE0-A968-55A0EBEBDF47}.Release|Any CPU.ActiveCfg = Release|Any CPU
		{7EC6A820-DE88-4CE0-A968-55A0EBEBDF47}.Release|Any CPU.Build.0 = Release|Any CPU
		{80AA5EEE-F191-463C-8D51-A7EF2127E5E1}.Debug|Any CPU.ActiveCfg = Debug|Any CPU
		{80AA5EEE-F191-463C-8D51-A7EF2127E5E1}.Debug|Any CPU.Build.0 = Debug|Any CPU
		{80AA5EEE-F191-463C-8D51-A7EF2127E5E1}.Release|Any CPU.ActiveCfg = Release|Any CPU
		{80AA5EEE-F191-463C-8D51-A7EF2127E5E1}.Release|Any CPU.Build.0 = Release|Any CPU
		{161BEFA1-6473-456D-9A94-507317727441}.Debug|Any CPU.ActiveCfg = Debug|Any CPU
		{161BEFA1-6473-456D-9A94-507317727441}.Debug|Any CPU.Build.0 = Debug|Any CPU
		{161BEFA1-6473-456D-9A94-507317727441}.Release|Any CPU.ActiveCfg = Release|Any CPU
		{161BEFA1-6473-456D-9A94-507317727441}.Release|Any CPU.Build.0 = Release|Any CPU
		{EC1CC08A-EB92-4C94-A42A-170EAC3A31C3}.Debug|Any CPU.ActiveCfg = Debug|Any CPU
		{EC1CC08A-EB92-4C94-A42A-170EAC3A31C3}.Debug|Any CPU.Build.0 = Debug|Any CPU
		{EC1CC08A-EB92-4C94-A42A-170EAC3A31C3}.Release|Any CPU.ActiveCfg = Release|Any CPU
		{EC1CC08A-EB92-4C94-A42A-170EAC3A31C3}.Release|Any CPU.Build.0 = Release|Any CPU
		{EA14094F-FB55-5ABC-1402-B4229C4AD0B1}.Debug|Any CPU.ActiveCfg = Debug|Any CPU
		{EA14094F-FB55-5ABC-1402-B4229C4AD0B1}.Debug|Any CPU.Build.0 = Debug|Any CPU
		{EA14094F-FB55-5ABC-1402-B4229C4AD0B1}.Release|Any CPU.ActiveCfg = Release|Any CPU
		{EA14094F-FB55-5ABC-1402-B4229C4AD0B1}.Release|Any CPU.Build.0 = Release|Any CPU
		{516C26E8-464D-4C1D-B4ED-1484B6A742BF}.Debug|Any CPU.ActiveCfg = Debug|Any CPU
		{516C26E8-464D-4C1D-B4ED-1484B6A742BF}.Debug|Any CPU.Build.0 = Debug|Any CPU
		{516C26E8-464D-4C1D-B4ED-1484B6A742BF}.Release|Any CPU.ActiveCfg = Release|Any CPU
		{516C26E8-464D-4C1D-B4ED-1484B6A742BF}.Release|Any CPU.Build.0 = Release|Any CPU
		{0C4AF1D9-D547-4092-82DF-7E0E63DE74BE}.Debug|Any CPU.ActiveCfg = Debug|Any CPU
		{0C4AF1D9-D547-4092-82DF-7E0E63DE74BE}.Debug|Any CPU.Build.0 = Debug|Any CPU
		{0C4AF1D9-D547-4092-82DF-7E0E63DE74BE}.Release|Any CPU.ActiveCfg = Release|Any CPU
		{0C4AF1D9-D547-4092-82DF-7E0E63DE74BE}.Release|Any CPU.Build.0 = Release|Any CPU
		{65DCC7CC-22A4-45A3-9A85-0810575B03E9}.Debug|Any CPU.ActiveCfg = Debug|Any CPU
		{65DCC7CC-22A4-45A3-9A85-0810575B03E9}.Debug|Any CPU.Build.0 = Debug|Any CPU
		{65DCC7CC-22A4-45A3-9A85-0810575B03E9}.Release|Any CPU.ActiveCfg = Release|Any CPU
		{65DCC7CC-22A4-45A3-9A85-0810575B03E9}.Release|Any CPU.Build.0 = Release|Any CPU
		{ACE96D41-4E8C-44A8-A225-C89D149D9452}.Debug|Any CPU.ActiveCfg = Debug|Any CPU
		{ACE96D41-4E8C-44A8-A225-C89D149D9452}.Debug|Any CPU.Build.0 = Debug|Any CPU
		{ACE96D41-4E8C-44A8-A225-C89D149D9452}.Release|Any CPU.ActiveCfg = Release|Any CPU
		{ACE96D41-4E8C-44A8-A225-C89D149D9452}.Release|Any CPU.Build.0 = Release|Any CPU
		{E2B4C72E-EA56-452E-B1A6-9244F337DF77}.Debug|Any CPU.ActiveCfg = Debug|Any CPU
		{E2B4C72E-EA56-452E-B1A6-9244F337DF77}.Debug|Any CPU.Build.0 = Debug|Any CPU
		{E2B4C72E-EA56-452E-B1A6-9244F337DF77}.Release|Any CPU.ActiveCfg = Release|Any CPU
		{E2B4C72E-EA56-452E-B1A6-9244F337DF77}.Release|Any CPU.Build.0 = Release|Any CPU
	EndGlobalSection
	GlobalSection(SolutionProperties) = preSolution
		HideSolutionNode = FALSE
	EndGlobalSection
	GlobalSection(NestedProjects) = preSolution
		{DAAD6433-46D1-45FD-8AEE-DB07291BF1D2} = {02EA681E-C7D8-13C7-8484-4AC65E1B71E8}
		{E9C85C67-BF82-4851-B66D-8BA5805E1B3F} = {DAAD6433-46D1-45FD-8AEE-DB07291BF1D2}
		{1B1FBE6A-235D-438F-B7BE-BE0B12A9AA68} = {02EA681E-C7D8-13C7-8484-4AC65E1B71E8}
		{6843CB57-37E5-4979-BCD1-BF611AF53E74} = {1B1FBE6A-235D-438F-B7BE-BE0B12A9AA68}
		{CC3AE338-5729-4BA0-B1D5-A8AE75E192CE} = {02EA681E-C7D8-13C7-8484-4AC65E1B71E8}
		{07F9D918-8A35-42BA-A59A-CEB6C4CD37FE} = {CC3AE338-5729-4BA0-B1D5-A8AE75E192CE}
		{9B8855B8-0AAB-4092-A9E7-2B792BCBFDA7} = {CC3AE338-5729-4BA0-B1D5-A8AE75E192CE}
		{54659CC3-4789-4B6E-A40A-43DD34ABA746} = {CC3AE338-5729-4BA0-B1D5-A8AE75E192CE}
		{7EC6A820-DE88-4CE0-A968-55A0EBEBDF47} = {07F9D918-8A35-42BA-A59A-CEB6C4CD37FE}
		{80AA5EEE-F191-463C-8D51-A7EF2127E5E1} = {07F9D918-8A35-42BA-A59A-CEB6C4CD37FE}
		{161BEFA1-6473-456D-9A94-507317727441} = {9B8855B8-0AAB-4092-A9E7-2B792BCBFDA7}
		{EC1CC08A-EB92-4C94-A42A-170EAC3A31C3} = {54659CC3-4789-4B6E-A40A-43DD34ABA746}
		{EA14094F-FB55-5ABC-1402-B4229C4AD0B1} = {062C4BE1-E9AE-4821-AC4A-3DC8AB113D0C}
		{B556F956-F40E-4CA2-A322-92732CD5DA9D} = {02EA681E-C7D8-13C7-8484-4AC65E1B71E8}
		{516C26E8-464D-4C1D-B4ED-1484B6A742BF} = {B556F956-F40E-4CA2-A322-92732CD5DA9D}
		{0C4AF1D9-D547-4092-82DF-7E0E63DE74BE} = {B556F956-F40E-4CA2-A322-92732CD5DA9D}
		{65DCC7CC-22A4-45A3-9A85-0810575B03E9} = {B556F956-F40E-4CA2-A322-92732CD5DA9D}
		{ACE96D41-4E8C-44A8-A225-C89D149D9452} = {B556F956-F40E-4CA2-A322-92732CD5DA9D}
		{E2B4C72E-EA56-452E-B1A6-9244F337DF77} = {B556F956-F40E-4CA2-A322-92732CD5DA9D}
	EndGlobalSection
	GlobalSection(ExtensibilityGlobals) = postSolution
		SolutionGuid = {E41CD32F-D8D7-4294-BF25-DDCD80DBBE35}
	EndGlobalSection
EndGlobal
